
Microsoft Visual Studio Solution File, Format Version 12.00
# Visual Studio 2017
Project("{FAE04EC0-301F-11D3-BF4B-00C04F79EFBC}") = "3D-Unity-minigame", "3D-Unity-minigame.csproj", "{8BFCCEDD-3F7B-6EF9-B97C-897D34ABBEDF}"
EndProject
Project("{FAE04EC0-301F-11D3-BF4B-00C04F79EFBC}") = "3D-Unity-minigame.Editor", "3D-Unity-minigame.Editor.csproj", "{C04A304C-368F-5591-7AFB-B120CE08991F}"
EndProject
Global
	GlobalSection(SolutionConfigurationPlatforms) = preSolution
		Debug|Any CPU = Debug|Any CPU
		Release|Any CPU = Release|Any CPU
	EndGlobalSection
	GlobalSection(ProjectConfigurationPlatforms) = postSolution
		{8BFCCEDD-3F7B-6EF9-B97C-897D34ABBEDF}.Debug|Any CPU.ActiveCfg = Debug|Any CPU
		{8BFCCEDD-3F7B-6EF9-B97C-897D34ABBEDF}.Debug|Any CPU.Build.0 = Debug|Any CPU
		{8BFCCEDD-3F7B-6EF9-B97C-897D34ABBEDF}.Release|Any CPU.ActiveCfg = Release|Any CPU
		{8BFCCEDD-3F7B-6EF9-B97C-897D34ABBEDF}.Release|Any CPU.Build.0 = Release|Any CPU
		{C04A304C-368F-5591-7AFB-B120CE08991F}.Debug|Any CPU.ActiveCfg = Debug|Any CPU
		{C04A304C-368F-5591-7AFB-B120CE08991F}.Debug|Any CPU.Build.0 = Debug|Any CPU
		{C04A304C-368F-5591-7AFB-B120CE08991F}.Release|Any CPU.ActiveCfg = Release|Any CPU
		{C04A304C-368F-5591-7AFB-B120CE08991F}.Release|Any CPU.Build.0 = Release|Any CPU
	EndGlobalSection
	GlobalSection(SolutionProperties) = preSolution
		HideSolutionNode = FALSE
	EndGlobalSection
EndGlobal
